
Microsoft Visual Studio Solution File, Format Version 12.00
# Visual Studio 15
Project("{FAE04EC0-301F-11D3-BF4B-00C04F79EFBC}") = "Repo", "Repo\Repo.csproj", "{CED9E39D-3C54-4D0B-8B8B-EB0E20ED7FC4}"
EndProject
Project("{2150E333-8FDC-42A3-9474-1A3956D46DE8}") = "Solution Items", "Solution Items", "{411C5782-29A9-4B4F-9501-9B511CECB154}"
	ProjectSection(SolutionItems) = preProject
		Repo\App\Repo.sln = Repo\App\Repo.sln
	EndProjectSection
EndProject
Global
	GlobalSection(SolutionConfigurationPlatforms) = preSolution
		Debug|Any CPU = Debug|Any CPU
		Release|Any CPU = Release|Any CPU
	EndGlobalSection
	GlobalSection(ProjectConfigurationPlatforms) = postSolution
		{CED9E39D-3C54-4D0B-8B8B-EB0E20ED7FC4}.Debug|Any CPU.ActiveCfg = Debug|Any CPU
		{CED9E39D-3C54-4D0B-8B8B-EB0E20ED7FC4}.Debug|Any CPU.Build.0 = Debug|Any CPU
		{CED9E39D-3C54-4D0B-8B8B-EB0E20ED7FC4}.Release|Any CPU.ActiveCfg = Release|Any CPU
		{CED9E39D-3C54-4D0B-8B8B-EB0E20ED7FC4}.Release|Any CPU.Build.0 = Release|Any CPU
	EndGlobalSection
	GlobalSection(MonoDevelopProperties) = preSolution
		Policies = $0
		$0.DotNetNamingPolicy = $1
		$1.DirectoryNamespaceAssociation = PrefixedHierarchical
		$0.StandardHeader = $2
		$0.VersionControlPolicy = $3
		outputpath = build/bin
	EndGlobalSection
EndGlobal
